// !$*UTF8*$!
{
	archiveVersion = 1;
	classes = {
	};
	objectVersion = 46;
	objects = {

/* Begin PBXBuildFile section */
		753BE0651F3A4697006D2B1F /* AppDelegate.swift in Sources */ = {isa = PBXBuildFile; fileRef = 753BE0641F3A4697006D2B1F /* AppDelegate.swift */; };
		753BE06A1F3A4697006D2B1F /* Main.storyboard in Resources */ = {isa = PBXBuildFile; fileRef = 753BE0681F3A4697006D2B1F /* Main.storyboard */; };
		753BE06C1F3A4697006D2B1F /* Assets.xcassets in Resources */ = {isa = PBXBuildFile; fileRef = 753BE06B1F3A4697006D2B1F /* Assets.xcassets */; };
		753BE06F1F3A4697006D2B1F /* LaunchScreen.storyboard in Resources */ = {isa = PBXBuildFile; fileRef = 753BE06D1F3A4697006D2B1F /* LaunchScreen.storyboard */; };
		759682591F3A61E20032B041 /* TimelineCell.swift in Sources */ = {isa = PBXBuildFile; fileRef = 759682581F3A61E20032B041 /* TimelineCell.swift */; };
		7596825B1F3A62260032B041 /* EventCell.swift in Sources */ = {isa = PBXBuildFile; fileRef = 7596825A1F3A62260032B041 /* EventCell.swift */; };
		7596825D1F3A62390032B041 /* EventCellTop.xib in Resources */ = {isa = PBXBuildFile; fileRef = 7596825C1F3A62390032B041 /* EventCellTop.xib */; };
		7596825F1F3A65720032B041 /* EventCellBottom.xib in Resources */ = {isa = PBXBuildFile; fileRef = 7596825E1F3A65720032B041 /* EventCellBottom.xib */; };
		759682611F3A67340032B041 /* TimelineLayout.swift in Sources */ = {isa = PBXBuildFile; fileRef = 759682601F3A67340032B041 /* TimelineLayout.swift */; };
		759682681F3A72570032B041 /* FillCell.swift in Sources */ = {isa = PBXBuildFile; fileRef = 759682671F3A72570032B041 /* FillCell.swift */; };
		7596826A1F3A72660032B041 /* FillCell.xib in Resources */ = {isa = PBXBuildFile; fileRef = 759682691F3A72660032B041 /* FillCell.xib */; };
		7596826C1F3A75BC0032B041 /* Event.swift in Sources */ = {isa = PBXBuildFile; fileRef = 7596826B1F3A75BC0032B041 /* Event.swift */; };
		759A81F01F3A472F00FE47EF /* TimelineViewController.swift in Sources */ = {isa = PBXBuildFile; fileRef = 759A81EF1F3A472F00FE47EF /* TimelineViewController.swift */; };
		759A81F21F3A479C00FE47EF /* StartCell.swift in Sources */ = {isa = PBXBuildFile; fileRef = 759A81F11F3A479C00FE47EF /* StartCell.swift */; };
		759A81F41F3A47B100FE47EF /* StartCell.xib in Resources */ = {isa = PBXBuildFile; fileRef = 759A81F31F3A47B100FE47EF /* StartCell.xib */; };
/* End PBXBuildFile section */

/* Begin PBXFileReference section */
		753BE0611F3A4697006D2B1F /* Timeline.app */ = {isa = PBXFileReference; explicitFileType = wrapper.application; includeInIndex = 0; path = Timeline.app; sourceTree = BUILT_PRODUCTS_DIR; };
		753BE0641F3A4697006D2B1F /* AppDelegate.swift */ = {isa = PBXFileReference; lastKnownFileType = sourcecode.swift; path = AppDelegate.swift; sourceTree = "<group>"; };
		753BE0691F3A4697006D2B1F /* Base */ = {isa = PBXFileReference; lastKnownFileType = file.storyboard; name = Base; path = Base.lproj/Main.storyboard; sourceTree = "<group>"; };
		753BE06B1F3A4697006D2B1F /* Assets.xcassets */ = {isa = PBXFileReference; lastKnownFileType = folder.assetcatalog; path = Assets.xcassets; sourceTree = "<group>"; };
		753BE06E1F3A4697006D2B1F /* Base */ = {isa = PBXFileReference; lastKnownFileType = file.storyboard; name = Base; path = Base.lproj/LaunchScreen.storyboard; sourceTree = "<group>"; };
		753BE0701F3A4697006D2B1F /* Info.plist */ = {isa = PBXFileReference; lastKnownFileType = text.plist.xml; path = Info.plist; sourceTree = "<group>"; };
		759682581F3A61E20032B041 /* TimelineCell.swift */ = {isa = PBXFileReference; fileEncoding = 4; lastKnownFileType = sourcecode.swift; path = TimelineCell.swift; sourceTree = "<group>"; };
		7596825A1F3A62260032B041 /* EventCell.swift */ = {isa = PBXFileReference; fileEncoding = 4; lastKnownFileType = sourcecode.swift; path = EventCell.swift; sourceTree = "<group>"; };
		7596825C1F3A62390032B041 /* EventCellTop.xib */ = {isa = PBXFileReference; fileEncoding = 4; lastKnownFileType = file.xib; path = EventCellTop.xib; sourceTree = "<group>"; };
		7596825E1F3A65720032B041 /* EventCellBottom.xib */ = {isa = PBXFileReference; fileEncoding = 4; lastKnownFileType = file.xib; path = EventCellBottom.xib; sourceTree = "<group>"; };
		759682601F3A67340032B041 /* TimelineLayout.swift */ = {isa = PBXFileReference; fileEncoding = 4; lastKnownFileType = sourcecode.swift; path = TimelineLayout.swift; sourceTree = "<group>"; };
		759682671F3A72570032B041 /* FillCell.swift */ = {isa = PBXFileReference; fileEncoding = 4; lastKnownFileType = sourcecode.swift; path = FillCell.swift; sourceTree = "<group>"; };
		759682691F3A72660032B041 /* FillCell.xib */ = {isa = PBXFileReference; fileEncoding = 4; lastKnownFileType = file.xib; path = FillCell.xib; sourceTree = "<group>"; };
		7596826B1F3A75BC0032B041 /* Event.swift */ = {isa = PBXFileReference; fileEncoding = 4; lastKnownFileType = sourcecode.swift; path = Event.swift; sourceTree = "<group>"; };
		759A81EF1F3A472F00FE47EF /* TimelineViewController.swift */ = {isa = PBXFileReference; fileEncoding = 4; lastKnownFileType = sourcecode.swift; path = TimelineViewController.swift; sourceTree = "<group>"; };
		759A81F11F3A479C00FE47EF /* StartCell.swift */ = {isa = PBXFileReference; fileEncoding = 4; lastKnownFileType = sourcecode.swift; path = StartCell.swift; sourceTree = "<group>"; };
		759A81F31F3A47B100FE47EF /* StartCell.xib */ = {isa = PBXFileReference; fileEncoding = 4; lastKnownFileType = file.xib; path = StartCell.xib; sourceTree = "<group>"; };
/* End PBXFileReference section */

/* Begin PBXFrameworksBuildPhase section */
		753BE05E1F3A4697006D2B1F /* Frameworks */ = {
			isa = PBXFrameworksBuildPhase;
			buildActionMask = 2147483647;
			files = (
			);
			runOnlyForDeploymentPostprocessing = 0;
		};
/* End PBXFrameworksBuildPhase section */

/* Begin PBXGroup section */
		753BE0581F3A4697006D2B1F = {
			isa = PBXGroup;
			children = (
				753BE0631F3A4697006D2B1F /* Timeline */,
				753BE0621F3A4697006D2B1F /* Products */,
			);
			sourceTree = "<group>";
		};
		753BE0621F3A4697006D2B1F /* Products */ = {
			isa = PBXGroup;
			children = (
				753BE0611F3A4697006D2B1F /* Timeline.app */,
			);
			name = Products;
			sourceTree = "<group>";
		};
		753BE0631F3A4697006D2B1F /* Timeline */ = {
			isa = PBXGroup;
			children = (
				753BE0641F3A4697006D2B1F /* AppDelegate.swift */,
				759A81EF1F3A472F00FE47EF /* TimelineViewController.swift */,
				759682601F3A67340032B041 /* TimelineLayout.swift */,
				759682581F3A61E20032B041 /* TimelineCell.swift */,
				759A81F11F3A479C00FE47EF /* StartCell.swift */,
				759A81F31F3A47B100FE47EF /* StartCell.xib */,
				7596825A1F3A62260032B041 /* EventCell.swift */,
				7596825C1F3A62390032B041 /* EventCellTop.xib */,
				7596825E1F3A65720032B041 /* EventCellBottom.xib */,
				759682671F3A72570032B041 /* FillCell.swift */,
				759682691F3A72660032B041 /* FillCell.xib */,
				7596826B1F3A75BC0032B041 /* Event.swift */,
				753BE0681F3A4697006D2B1F /* Main.storyboard */,
				753BE06B1F3A4697006D2B1F /* Assets.xcassets */,
				753BE06D1F3A4697006D2B1F /* LaunchScreen.storyboard */,
				753BE0701F3A4697006D2B1F /* Info.plist */,
			);
			path = Timeline;
			sourceTree = "<group>";
		};
/* End PBXGroup section */

/* Begin PBXNativeTarget section */
		753BE0601F3A4697006D2B1F /* Timeline */ = {
			isa = PBXNativeTarget;
			buildConfigurationList = 753BE0731F3A4697006D2B1F /* Build configuration list for PBXNativeTarget "Timeline" */;
			buildPhases = (
				753BE05D1F3A4697006D2B1F /* Sources */,
				753BE05E1F3A4697006D2B1F /* Frameworks */,
				753BE05F1F3A4697006D2B1F /* Resources */,
			);
			buildRules = (
			);
			dependencies = (
			);
			name = Timeline;
			productName = Timeline;
			productReference = 753BE0611F3A4697006D2B1F /* Timeline.app */;
			productType = "com.apple.product-type.application";
		};
/* End PBXNativeTarget section */

/* Begin PBXProject section */
		753BE0591F3A4697006D2B1F /* Project object */ = {
			isa = PBXProject;
			attributes = {
				LastSwiftUpdateCheck = 0830;
				LastUpgradeCheck = 0830;
				ORGANIZATIONNAME = "Jack Cook";
				TargetAttributes = {
					753BE0601F3A4697006D2B1F = {
						CreatedOnToolsVersion = 8.3.3;
						DevelopmentTeam = 59PUM5CV3T;
						ProvisioningStyle = Automatic;
					};
				};
			};
			buildConfigurationList = 753BE05C1F3A4697006D2B1F /* Build configuration list for PBXProject "Timeline" */;
			compatibilityVersion = "Xcode 3.2";
			developmentRegion = English;
			hasScannedForEncodings = 0;
			knownRegions = (
				en,
				Base,
			);
			mainGroup = 753BE0581F3A4697006D2B1F;
			productRefGroup = 753BE0621F3A4697006D2B1F /* Products */;
			projectDirPath = "";
			projectRoot = "";
			targets = (
				753BE0601F3A4697006D2B1F /* Timeline */,
			);
		};
/* End PBXProject section */

/* Begin PBXResourcesBuildPhase section */
		753BE05F1F3A4697006D2B1F /* Resources */ = {
			isa = PBXResourcesBuildPhase;
			buildActionMask = 2147483647;
			files = (
				7596826A1F3A72660032B041 /* FillCell.xib in Resources */,
				759A81F41F3A47B100FE47EF /* StartCell.xib in Resources */,
				753BE06F1F3A4697006D2B1F /* LaunchScreen.storyboard in Resources */,
				753BE06C1F3A4697006D2B1F /* Assets.xcassets in Resources */,
				7596825F1F3A65720032B041 /* EventCellBottom.xib in Resources */,
				7596825D1F3A62390032B041 /* EventCellTop.xib in Resources */,
				753BE06A1F3A4697006D2B1F /* Main.storyboard in Resources */,
			);
			runOnlyForDeploymentPostprocessing = 0;
		};
/* End PBXResourcesBuildPhase section */

/* Begin PBXSourcesBuildPhase section */
		753BE05D1F3A4697006D2B1F /* Sources */ = {
			isa = PBXSourcesBuildPhase;
			buildActionMask = 2147483647;
			files = (
				7596826C1F3A75BC0032B041 /* Event.swift in Sources */,
				759682591F3A61E20032B041 /* TimelineCell.swift in Sources */,
				753BE0651F3A4697006D2B1F /* AppDelegate.swift in Sources */,
				7596825B1F3A62260032B041 /* EventCell.swift in Sources */,
				759682681F3A72570032B041 /* FillCell.swift in Sources */,
				759A81F21F3A479C00FE47EF /* StartCell.swift in Sources */,
				759682611F3A67340032B041 /* TimelineLayout.swift in Sources */,
				759A81F01F3A472F00FE47EF /* TimelineViewController.swift in Sources */,
			);
			runOnlyForDeploymentPostprocessing = 0;
		};
/* End PBXSourcesBuildPhase section */

/* Begin PBXVariantGroup section */
		753BE0681F3A4697006D2B1F /* Main.storyboard */ = {
			isa = PBXVariantGroup;
			children = (
				753BE0691F3A4697006D2B1F /* Base */,
			);
			name = Main.storyboard;
			sourceTree = "<group>";
		};
		753BE06D1F3A4697006D2B1F /* LaunchScreen.storyboard */ = {
			isa = PBXVariantGroup;
			children = (
				753BE06E1F3A4697006D2B1F /* Base */,
			);
			name = LaunchScreen.storyboard;
			sourceTree = "<group>";
		};
/* End PBXVariantGroup section */

/* Begin XCBuildConfiguration section */
		753BE0711F3A4697006D2B1F /* Debug */ = {
			isa = XCBuildConfiguration;
			buildSettings = {
				ALWAYS_SEARCH_USER_PATHS = NO;
				CLANG_ANALYZER_NONNULL = YES;
				CLANG_ANALYZER_NUMBER_OBJECT_CONVERSION = YES_AGGRESSIVE;
				CLANG_CXX_LANGUAGE_STANDARD = "gnu++0x";
				CLANG_CXX_LIBRARY = "libc++";
				CLANG_ENABLE_MODULES = YES;
				CLANG_ENABLE_OBJC_ARC = YES;
				CLANG_WARN_BOOL_CONVERSION = YES;
				CLANG_WARN_CONSTANT_CONVERSION = YES;
				CLANG_WARN_DIRECT_OBJC_ISA_USAGE = YES_ERROR;
				CLANG_WARN_DOCUMENTATION_COMMENTS = YES;
				CLANG_WARN_EMPTY_BODY = YES;
				CLANG_WARN_ENUM_CONVERSION = YES;
				CLANG_WARN_INFINITE_RECURSION = YES;
				CLANG_WARN_INT_CONVERSION = YES;
				CLANG_WARN_OBJC_ROOT_CLASS = YES_ERROR;
				CLANG_WARN_SUSPICIOUS_MOVE = YES;
				CLANG_WARN_UNREACHABLE_CODE = YES;
				CLANG_WARN__DUPLICATE_METHOD_MATCH = YES;
				"CODE_SIGN_IDENTITY[sdk=iphoneos*]" = "iPhone Developer";
				COPY_PHASE_STRIP = NO;
				DEBUG_INFORMATION_FORMAT = dwarf;
				ENABLE_STRICT_OBJC_MSGSEND = YES;
				ENABLE_TESTABILITY = YES;
				GCC_C_LANGUAGE_STANDARD = gnu99;
				GCC_DYNAMIC_NO_PIC = NO;
				GCC_NO_COMMON_BLOCKS = YES;
				GCC_OPTIMIZATION_LEVEL = 0;
				GCC_PREPROCESSOR_DEFINITIONS = (
					"DEBUG=1",
					"$(inherited)",
				);
				GCC_WARN_64_TO_32_BIT_CONVERSION = YES;
				GCC_WARN_ABOUT_RETURN_TYPE = YES_ERROR;
				GCC_WARN_UNDECLARED_SELECTOR = YES;
				GCC_WARN_UNINITIALIZED_AUTOS = YES_AGGRESSIVE;
				GCC_WARN_UNUSED_FUNCTION = YES;
				GCC_WARN_UNUSED_VARIABLE = YES;
				IPHONEOS_DEPLOYMENT_TARGET = 10.3;
				MTL_ENABLE_DEBUG_INFO = YES;
				ONLY_ACTIVE_ARCH = YES;
				SDKROOT = iphoneos;
				SWIFT_ACTIVE_COMPILATION_CONDITIONS = DEBUG;
				SWIFT_OPTIMIZATION_LEVEL = "-Onone";
				TARGETED_DEVICE_FAMILY = 2;
			};
			name = Debug;
		};
		753BE0721F3A4697006D2B1F /* Release */ = {
			isa = XCBuildConfiguration;
			buildSettings = {
				ALWAYS_SEARCH_USER_PATHS = NO;
				CLANG_ANALYZER_NONNULL = YES;
				CLANG_ANALYZER_NUMBER_OBJECT_CONVERSION = YES_AGGRESSIVE;
				CLANG_CXX_LANGUAGE_STANDARD = "gnu++0x";
				CLANG_CXX_LIBRARY = "libc++";
				CLANG_ENABLE_MODULES = YES;
				CLANG_ENABLE_OBJC_ARC = YES;
				CLANG_WARN_BOOL_CONVERSION = YES;
				CLANG_WARN_CONSTANT_CONVERSION = YES;
				CLANG_WARN_DIRECT_OBJC_ISA_USAGE = YES_ERROR;
				CLANG_WARN_DOCUMENTATION_COMMENTS = YES;
				CLANG_WARN_EMPTY_BODY = YES;
				CLANG_WARN_ENUM_CONVERSION = YES;
				CLANG_WARN_INFINITE_RECURSION = YES;
				CLANG_WARN_INT_CONVERSION = YES;
				CLANG_WARN_OBJC_ROOT_CLASS = YES_ERROR;
				CLANG_WARN_SUSPICIOUS_MOVE = YES;
				CLANG_WARN_UNREACHABLE_CODE = YES;
				CLANG_WARN__DUPLICATE_METHOD_MATCH = YES;
				"CODE_SIGN_IDENTITY[sdk=iphoneos*]" = "iPhone Developer";
				COPY_PHASE_STRIP = NO;
				DEBUG_INFORMATION_FORMAT = "dwarf-with-dsym";
				ENABLE_NS_ASSERTIONS = NO;
				ENABLE_STRICT_OBJC_MSGSEND = YES;
				GCC_C_LANGUAGE_STANDARD = gnu99;
				GCC_NO_COMMON_BLOCKS = YES;
				GCC_WARN_64_TO_32_BIT_CONVERSION = YES;
				GCC_WARN_ABOUT_RETURN_TYPE = YES_ERROR;
				GCC_WARN_UNDECLARED_SELECTOR = YES;
				GCC_WARN_UNINITIALIZED_AUTOS = YES_AGGRESSIVE;
				GCC_WARN_UNUSED_FUNCTION = YES;
				GCC_WARN_UNUSED_VARIABLE = YES;
				IPHONEOS_DEPLOYMENT_TARGET = 10.3;
				MTL_ENABLE_DEBUG_INFO = NO;
				SDKROOT = iphoneos;
				SWIFT_OPTIMIZATION_LEVEL = "-Owholemodule";
				TARGETED_DEVICE_FAMILY = 2;
				VALIDATE_PRODUCT = YES;
			};
			name = Release;
		};
		753BE0741F3A4697006D2B1F /* Debug */ = {
			isa = XCBuildConfiguration;
			buildSettings = {
				ASSETCATALOG_COMPILER_APPICON_NAME = AppIcon;
				DEVELOPMENT_TEAM = 59PUM5CV3T;
				INFOPLIST_FILE = Timeline/Info.plist;
				LD_RUNPATH_SEARCH_PATHS = "$(inherited) @executable_path/Frameworks";
				PRODUCT_BUNDLE_IDENTIFIER = nyc.jackcook.Timeline;
				PRODUCT_NAME = "$(TARGET_NAME)";
				SWIFT_VERSION = 3.0;
			};
			name = Debug;
		};
		753BE0751F3A4697006D2B1F /* Release */ = {
			isa = XCBuildConfiguration;
			buildSettings = {
				ASSETCATALOG_COMPILER_APPICON_NAME = AppIcon;
				DEVELOPMENT_TEAM = 59PUM5CV3T;
				INFOPLIST_FILE = Timeline/Info.plist;
				LD_RUNPATH_SEARCH_PATHS = "$(inherited) @executable_path/Frameworks";
				PRODUCT_BUNDLE_IDENTIFIER = nyc.jackcook.Timeline;
				PRODUCT_NAME = "$(TARGET_NAME)";
				SWIFT_VERSION = 3.0;
			};
			name = Release;
		};
/* End XCBuildConfiguration section */

/* Begin XCConfigurationList section */
		753BE05C1F3A4697006D2B1F /* Build configuration list for PBXProject "Timeline" */ = {
			isa = XCConfigurationList;
			buildConfigurations = (
				753BE0711F3A4697006D2B1F /* Debug */,
				753BE0721F3A4697006D2B1F /* Release */,
			);
			defaultConfigurationIsVisible = 0;
			defaultConfigurationName = Release;
		};
		753BE0731F3A4697006D2B1F /* Build configuration list for PBXNativeTarget "Timeline" */ = {
			isa = XCConfigurationList;
			buildConfigurations = (
				753BE0741F3A4697006D2B1F /* Debug */,
				753BE0751F3A4697006D2B1F /* Release */,
			);
			defaultConfigurationIsVisible = 0;
			defaultConfigurationName = Release;
		};
/* End XCConfigurationList section */
	};
	rootObject = 753BE0591F3A4697006D2B1F /* Project object */;
}
